
Microsoft Visual Studio Solution File, Format Version 12.00
# Visual Studio 15
VisualStudioVersion = 15.0.26124.0
MinimumVisualStudioVersion = 15.0.26124.0
Project("{FAE04EC0-301F-11D3-BF4B-00C04F79EFBC}") = "Mutants.Testing.Unit", "Mutants.Testing.Unit\Mutants.Testing.Unit.csproj", "{8100AE73-F481-4CA8-B56C-FC8D88E8AC07}"
EndProject
Project("{FAE04EC0-301F-11D3-BF4B-00C04F79EFBC}") = "Mutants.Model", "Mutants.Model\Mutants.Model.csproj", "{D7FDCA13-393D-4CD4-B016-C6AC0DDB1EBE}"
EndProject
Project("{FAE04EC0-301F-11D3-BF4B-00C04F79EFBC}") = "Mutants.Api", "Mutants.Api\Mutants.Api.csproj", "{17BD9C71-78CC-41C4-9BCF-B44B10EDB4EC}"
EndProject
Global
	GlobalSection(SolutionConfigurationPlatforms) = preSolution
		Debug|Any CPU = Debug|Any CPU
		Debug|x64 = Debug|x64
		Debug|x86 = Debug|x86
		Release|Any CPU = Release|Any CPU
		Release|x64 = Release|x64
		Release|x86 = Release|x86
	EndGlobalSection
	GlobalSection(SolutionProperties) = preSolution
		HideSolutionNode = FALSE
	EndGlobalSection
	GlobalSection(ProjectConfigurationPlatforms) = postSolution
		{8100AE73-F481-4CA8-B56C-FC8D88E8AC07}.Debug|Any CPU.ActiveCfg = Debug|Any CPU
		{8100AE73-F481-4CA8-B56C-FC8D88E8AC07}.Debug|Any CPU.Build.0 = Debug|Any CPU
		{8100AE73-F481-4CA8-B56C-FC8D88E8AC07}.Debug|x64.ActiveCfg = Debug|Any CPU
		{8100AE73-F481-4CA8-B56C-FC8D88E8AC07}.Debug|x64.Build.0 = Debug|Any CPU
		{8100AE73-F481-4CA8-B56C-FC8D88E8AC07}.Debug|x86.ActiveCfg = Debug|Any CPU
		{8100AE73-F481-4CA8-B56C-FC8D88E8AC07}.Debug|x86.Build.0 = Debug|Any CPU
		{8100AE73-F481-4CA8-B56C-FC8D88E8AC07}.Release|Any CPU.ActiveCfg = Release|Any CPU
		{8100AE73-F481-4CA8-B56C-FC8D88E8AC07}.Release|Any CPU.Build.0 = Release|Any CPU
		{8100AE73-F481-4CA8-B56C-FC8D88E8AC07}.Release|x64.ActiveCfg = Release|Any CPU
		{8100AE73-F481-4CA8-B56C-FC8D88E8AC07}.Release|x64.Build.0 = Release|Any CPU
		{8100AE73-F481-4CA8-B56C-FC8D88E8AC07}.Release|x86.ActiveCfg = Release|Any CPU
		{8100AE73-F481-4CA8-B56C-FC8D88E8AC07}.Release|x86.Build.0 = Release|Any CPU
		{D7FDCA13-393D-4CD4-B016-C6AC0DDB1EBE}.Debug|Any CPU.ActiveCfg = Debug|Any CPU
		{D7FDCA13-393D-4CD4-B016-C6AC0DDB1EBE}.Debug|Any CPU.Build.0 = Debug|Any CPU
		{D7FDCA13-393D-4CD4-B016-C6AC0DDB1EBE}.Debug|x64.ActiveCfg = Debug|Any CPU
		{D7FDCA13-393D-4CD4-B016-C6AC0DDB1EBE}.Debug|x64.Build.0 = Debug|Any CPU
		{D7FDCA13-393D-4CD4-B016-C6AC0DDB1EBE}.Debug|x86.ActiveCfg = Debug|Any CPU
		{D7FDCA13-393D-4CD4-B016-C6AC0DDB1EBE}.Debug|x86.Build.0 = Debug|Any CPU
		{D7FDCA13-393D-4CD4-B016-C6AC0DDB1EBE}.Release|Any CPU.ActiveCfg = Release|Any CPU
		{D7FDCA13-393D-4CD4-B016-C6AC0DDB1EBE}.Release|Any CPU.Build.0 = Release|Any CPU
		{D7FDCA13-393D-4CD4-B016-C6AC0DDB1EBE}.Release|x64.ActiveCfg = Release|Any CPU
		{D7FDCA13-393D-4CD4-B016-C6AC0DDB1EBE}.Release|x64.Build.0 = Release|Any CPU
		{D7FDCA13-393D-4CD4-B016-C6AC0DDB1EBE}.Release|x86.ActiveCfg = Release|Any CPU
		{D7FDCA13-393D-4CD4-B016-C6AC0DDB1EBE}.Release|x86.Build.0 = Release|Any CPU
		{17BD9C71-78CC-41C4-9BCF-B44B10EDB4EC}.Debug|Any CPU.ActiveCfg = Debug|Any CPU
		{17BD9C71-78CC-41C4-9BCF-B44B10EDB4EC}.Debug|Any CPU.Build.0 = Debug|Any CPU
		{17BD9C71-78CC-41C4-9BCF-B44B10EDB4EC}.Debug|x64.ActiveCfg = Debug|Any CPU
		{17BD9C71-78CC-41C4-9BCF-B44B10EDB4EC}.Debug|x64.Build.0 = Debug|Any CPU
		{17BD9C71-78CC-41C4-9BCF-B44B10EDB4EC}.Debug|x86.ActiveCfg = Debug|Any CPU
		{17BD9C71-78CC-41C4-9BCF-B44B10EDB4EC}.Debug|x86.Build.0 = Debug|Any CPU
		{17BD9C71-78CC-41C4-9BCF-B44B10EDB4EC}.Release|Any CPU.ActiveCfg = Release|Any CPU
		{17BD9C71-78CC-41C4-9BCF-B44B10EDB4EC}.Release|Any CPU.Build.0 = Release|Any CPU
		{17BD9C71-78CC-41C4-9BCF-B44B10EDB4EC}.Release|x64.ActiveCfg = Release|Any CPU
		{17BD9C71-78CC-41C4-9BCF-B44B10EDB4EC}.Release|x64.Build.0 = Release|Any CPU
		{17BD9C71-78CC-41C4-9BCF-B44B10EDB4EC}.Release|x86.ActiveCfg = Release|Any CPU
		{17BD9C71-78CC-41C4-9BCF-B44B10EDB4EC}.Release|x86.Build.0 = Release|Any CPU
	EndGlobalSection
EndGlobal
